Microsoft Visual Studio Solution File, Format Version 12.00
# Visual Studio 2012
Project("{FAE04EC0-301F-11D3-BF4B-00C04F79EFBC}") = "TerraBrush_Test", "TerraBrush_Test.csproj", "{C6AD9C39-A77C-46D9-8E9C-38FAC68625AB}"
EndProject
Global
	GlobalSection(SolutionConfigurationPlatforms) = preSolution
	Debug|Any CPU = Debug|Any CPU
	ExportDebug|Any CPU = ExportDebug|Any CPU
	ExportRelease|Any CPU = ExportRelease|Any CPU
	EndGlobalSection
	GlobalSection(ProjectConfigurationPlatforms) = postSolution
		{C6AD9C39-A77C-46D9-8E9C-38FAC68625AB}.Debug|Any CPU.ActiveCfg = Debug|Any CPU
		{C6AD9C39-A77C-46D9-8E9C-38FAC68625AB}.Debug|Any CPU.Build.0 = Debug|Any CPU
		{C6AD9C39-A77C-46D9-8E9C-38FAC68625AB}.ExportDebug|Any CPU.ActiveCfg = ExportDebug|Any CPU
		{C6AD9C39-A77C-46D9-8E9C-38FAC68625AB}.ExportDebug|Any CPU.Build.0 = ExportDebug|Any CPU
		{C6AD9C39-A77C-46D9-8E9C-38FAC68625AB}.ExportRelease|Any CPU.ActiveCfg = ExportRelease|Any CPU
		{C6AD9C39-A77C-46D9-8E9C-38FAC68625AB}.ExportRelease|Any CPU.Build.0 = ExportRelease|Any CPU
	EndGlobalSection
EndGlobal
